{
  "version": 4,
  "terraform_version": "1.9.0",
  "serial": 1,
  "lineage": "642ac0ce-1b7d-bb9e-b5a6-99642e93ed7f",
  "outputs": {},
  "resources": [
    {
      "mode": "managed",
      "type": "aws_vpc",
      "name": "main",
      "provider": "provider[\"registry.terraform.io/hashicorp/aws\"]",
      "instances": [
        {
          "schema_version": 1,
          "attributes": {
            "arn": "arn:aws:ec2:us-east-1:992382724596:vpc/vpc-0003faf59e76575fa",
            "assign_generated_ipv6_cidr_block": false,
            "cidr_block": "10.0.0.0/16",
            "default_network_acl_id": "acl-01bb1ab1189e72740",
            "default_route_table_id": "rtb-0db8a58f9738f5fb3",
            "default_security_group_id": "sg-090e7767aa3bdb423",
            "dhcp_options_id": "dopt-0683549556047ab79",
            "enable_dns_hostnames": false,
            "enable_dns_support": true,
            "enable_network_address_usage_metrics": false,
            "id": "vpc-0003faf59e76575fa",
            "instance_tenancy": "default",
            "ipv4_ipam_pool_id": null,
            "ipv4_netmask_length": null,
            "ipv6_association_id": "",
            "ipv6_cidr_block": "",
            "ipv6_cidr_block_network_border_group": "",
            "ipv6_ipam_pool_id": "",
            "ipv6_netmask_length": 0,
            "main_route_table_id": "rtb-0db8a58f9738f5fb3",
            "owner_id": "992382724596",
            "tags": {
              "Name": "first-trial"
            },
            "tags_all": {
              "Name": "first-trial"
            }
          },
          "sensitive_attributes": [],
          "private": "eyJzY2hlbWFfdmVyc2lvbiI6IjEifQ=="
        }
      ]
    }
  ],
  "check_results": null
}
